// !$*UTF8*$!
{
	archiveVersion = 1;
	classes = {
	};
	objectVersion = 46;
	objects = {

/* Begin PBXBuildFile section */
		E48B3A00156C4FBD009F45F0 /* UIKit.framework in Frameworks */ = {isa = PBXBuildFile; fileRef = E48B39FF156C4FBD009F45F0 /* UIKit.framework */; };
		E48B3A02156C4FBD009F45F0 /* Foundation.framework in Frameworks */ = {isa = PBXBuildFile; fileRef = E48B3A01156C4FBD009F45F0 /* Foundation.framework */; };
		E48B3A04156C4FBD009F45F0 /* CoreGraphics.framework in Frameworks */ = {isa = PBXBuildFile; fileRef = E48B3A03156C4FBD009F45F0 /* CoreGraphics.framework */; };
		E48B3A0A156C4FBD009F45F0 /* InfoPlist.strings in Resources */ = {isa = PBXBuildFile; fileRef = E48B3A08156C4FBD009F45F0 /* InfoPlist.strings */; };
		E48B3A0C156C4FBD009F45F0 /* main.m in Sources */ = {isa = PBXBuildFile; fileRef = E48B3A0B156C4FBD009F45F0 /* main.m */; };
		E48B3A10156C4FBD009F45F0 /* AppDelegate.m in Sources */ = {isa = PBXBuildFile; fileRef = E48B3A0F156C4FBD009F45F0 /* AppDelegate.m */; };
		E48B3A13156C4FBD009F45F0 /* MainStoryboard.storyboard in Resources */ = {isa = PBXBuildFile; fileRef = E48B3A11156C4FBD009F45F0 /* MainStoryboard.storyboard */; };
		E48B3A16156C4FBD009F45F0 /* ViewController.m in Sources */ = {isa = PBXBuildFile; fileRef = E48B3A15156C4FBD009F45F0 /* ViewController.m */; };
/* End PBXBuildFile section */

/* Begin PBXFileReference section */
		E48B39FB156C4FBD009F45F0 /* Seg Nav.app */ = {isa = PBXFileReference; explicitFileType = wrapper.application; includeInIndex = 0; path = "Seg Nav.app"; sourceTree = BUILT_PRODUCTS_DIR; };
		E48B39FF156C4FBD009F45F0 /* UIKit.framework */ = {isa = PBXFileReference; lastKnownFileType = wrapper.framework; name = UIKit.framework; path = System/Library/Frameworks/UIKit.framework; sourceTree = SDKROOT; };
		E48B3A01156C4FBD009F45F0 /* Foundation.framework */ = {isa = PBXFileReference; lastKnownFileType = wrapper.framework; name = Foundation.framework; path = System/Library/Frameworks/Foundation.framework; sourceTree = SDKROOT; };
		E48B3A03156C4FBD009F45F0 /* CoreGraphics.framework */ = {isa = PBXFileReference; lastKnownFileType = wrapper.framework; name = CoreGraphics.framework; path = System/Library/Frameworks/CoreGraphics.framework; sourceTree = SDKROOT; };
		E48B3A07156C4FBD009F45F0 /* Seg Nav-Info.plist */ = {isa = PBXFileReference; path = "Seg Nav-Info.plist"; sourceTree = "<group>"; };
		E48B3A09156C4FBD009F45F0 /* en */ = {isa = PBXFileReference; lastKnownFileType = text.plist.strings; name = en; path = en.lproj/InfoPlist.strings; sourceTree = "<group>"; };
		E48B3A0B156C4FBD009F45F0 /* main.m */ = {isa = PBXFileReference; lastKnownFileType = sourcecode.c.objc; path = main.m; sourceTree = "<group>"; };
		E48B3A0D156C4FBD009F45F0 /* Seg Nav-Prefix.pch */ = {isa = PBXFileReference; path = "Seg Nav-Prefix.pch"; sourceTree = "<group>"; };
		E48B3A0E156C4FBD009F45F0 /* AppDelegate.h */ = {isa = PBXFileReference; path = AppDelegate.h; sourceTree = "<group>"; };
		E48B3A0F156C4FBD009F45F0 /* AppDelegate.m */ = {isa = PBXFileReference; lastKnownFileType = sourcecode.c.objc; path = AppDelegate.m; sourceTree = "<group>"; };
		E48B3A12156C4FBD009F45F0 /* en */ = {isa = PBXFileReference; lastKnownFileType = file.storyboard; name = en; path = en.lproj/MainStoryboard.storyboard; sourceTree = "<group>"; };
		E48B3A14156C4FBD009F45F0 /* ViewController.h */ = {isa = PBXFileReference; path = ViewController.h; sourceTree = "<group>"; };
		E48B3A15156C4FBD009F45F0 /* ViewController.m */ = {isa = PBXFileReference; lastKnownFileType = sourcecode.c.objc; path = ViewController.m; sourceTree = "<group>"; };
/* End PBXFileReference section */

/* Begin PBXFrameworksBuildPhase section */
		E48B39F8156C4FBC009F45F0 /* Frameworks */ = {
			isa = PBXFrameworksBuildPhase;
			buildActionMask = 2147483647;
			files = (
				E48B3A00156C4FBD009F45F0 /* UIKit.framework in Frameworks */,
				E48B3A02156C4FBD009F45F0 /* Foundation.framework in Frameworks */,
				E48B3A04156C4FBD009F45F0 /* CoreGraphics.framework in Frameworks */,
			);
			runOnlyForDeploymentPostprocessing = 0;
		};
/* End PBXFrameworksBuildPhase section */

/* Begin PBXGroup section */
		E48B39F0156C4FBC009F45F0 = {
			isa = PBXGroup;
			children = (
				E48B3A05156C4FBD009F45F0 /* Seg Nav */,
				E48B39FE156C4FBD009F45F0 /* Frameworks */,
				E48B39FC156C4FBD009F45F0 /* Products */,
			);
			sourceTree = "<group>";
		};
		E48B39FC156C4FBD009F45F0 /* Products */ = {
			isa = PBXGroup;
			children = (
				E48B39FB156C4FBD009F45F0 /* Seg Nav.app */,
			);
			name = Products;
			sourceTree = "<group>";
		};
		E48B39FE156C4FBD009F45F0 /* Frameworks */ = {
			isa = PBXGroup;
			children = (
				E48B39FF156C4FBD009F45F0 /* UIKit.framework */,
				E48B3A01156C4FBD009F45F0 /* Foundation.framework */,
				E48B3A03156C4FBD009F45F0 /* CoreGraphics.framework */,
			);
			name = Frameworks;
			sourceTree = "<group>";
		};
		E48B3A05156C4FBD009F45F0 /* Seg Nav */ = {
			isa = PBXGroup;
			children = (
				E48B3A0E156C4FBD009F45F0 /* AppDelegate.h */,
				E48B3A0F156C4FBD009F45F0 /* AppDelegate.m */,
				E48B3A11156C4FBD009F45F0 /* MainStoryboard.storyboard */,
				E48B3A14156C4FBD009F45F0 /* ViewController.h */,
				E48B3A15156C4FBD009F45F0 /* ViewController.m */,
				E48B3A06156C4FBD009F45F0 /* Supporting Files */,
			);
			path = "Seg Nav";
			sourceTree = "<group>";
		};
		E48B3A06156C4FBD009F45F0 /* Supporting Files */ = {
			isa = PBXGroup;
			children = (
				E48B3A07156C4FBD009F45F0 /* Seg Nav-Info.plist */,
				E48B3A08156C4FBD009F45F0 /* InfoPlist.strings */,
				E48B3A0B156C4FBD009F45F0 /* main.m */,
				E48B3A0D156C4FBD009F45F0 /* Seg Nav-Prefix.pch */,
			);
			name = "Supporting Files";
			sourceTree = "<group>";
		};
/* End PBXGroup section */

/* Begin PBXNativeTarget section */
		E48B39FA156C4FBC009F45F0 /* Seg Nav */ = {
			isa = PBXNativeTarget;
			buildConfigurationList = E48B3A19156C4FBD009F45F0 /* Build configuration list for PBXNativeTarget "Seg Nav" */;
			buildPhases = (
				E48B39F7156C4FBC009F45F0 /* Sources */,
				E48B39F8156C4FBC009F45F0 /* Frameworks */,
				E48B39F9156C4FBC009F45F0 /* Resources */,
			);
			buildRules = (
			);
			dependencies = (
			);
			name = "Seg Nav";
			productName = "Seg Nav";
			productReference = E48B39FB156C4FBD009F45F0 /* Seg Nav.app */;
			productType = "com.apple.product-type.application";
		};
/* End PBXNativeTarget section */

/* Begin PBXProject section */
		E48B39F2156C4FBC009F45F0 /* Project object */ = {
			isa = PBXProject;
			attributes = {
				LastUpgradeCheck = 0430;
			};
			buildConfigurationList = E48B39F5156C4FBC009F45F0 /* Build configuration list for PBXProject "Seg Nav" */;
			compatibilityVersion = "Xcode 3.2";
			developmentRegion = English;
			hasScannedForEncodings = 0;
			knownRegions = (
				en,
			);
			mainGroup = E48B39F0156C4FBC009F45F0;
			productRefGroup = E48B39FC156C4FBD009F45F0 /* Products */;
			projectDirPath = "";
			projectRoot = "";
			targets = (
				E48B39FA156C4FBC009F45F0 /* Seg Nav */,
			);
		};
/* End PBXProject section */

/* Begin PBXResourcesBuildPhase section */
		E48B39F9156C4FBC009F45F0 /* Resources */ = {
			isa = PBXResourcesBuildPhase;
			buildActionMask = 2147483647;
			files = (
				E48B3A0A156C4FBD009F45F0 /* InfoPlist.strings in Resources */,
				E48B3A13156C4FBD009F45F0 /* MainStoryboard.storyboard in Resources */,
			);
			runOnlyForDeploymentPostprocessing = 0;
		};
/* End PBXResourcesBuildPhase section */

/* Begin PBXSourcesBuildPhase section */
		E48B39F7156C4FBC009F45F0 /* Sources */ = {
			isa = PBXSourcesBuildPhase;
			buildActionMask = 2147483647;
			files = (
				E48B3A0C156C4FBD009F45F0 /* main.m in Sources */,
				E48B3A10156C4FBD009F45F0 /* AppDelegate.m in Sources */,
				E48B3A16156C4FBD009F45F0 /* ViewController.m in Sources */,
			);
			runOnlyForDeploymentPostprocessing = 0;
		};
/* End PBXSourcesBuildPhase section */

/* Begin PBXVariantGroup section */
		E48B3A08156C4FBD009F45F0 /* InfoPlist.strings */ = {
			isa = PBXVariantGroup;
			children = (
				E48B3A09156C4FBD009F45F0 /* en */,
			);
			name = InfoPlist.strings;
			sourceTree = "<group>";
		};
		E48B3A11156C4FBD009F45F0 /* MainStoryboard.storyboard */ = {
			isa = PBXVariantGroup;
			children = (
				E48B3A12156C4FBD009F45F0 /* en */,
			);
			name = MainStoryboard.storyboard;
			sourceTree = "<group>";
		};
/* End PBXVariantGroup section */

/* Begin XCBuildConfiguration section */
		E48B3A17156C4FBD009F45F0 /* Debug */ = {
			isa = XCBuildConfiguration;
			buildSettings = {
				ALWAYS_SEARCH_USER_PATHS = NO;
				ARCHS = "$(ARCHS_STANDARD_32_BIT)";
				CLANG_ENABLE_OBJC_ARC = YES;
				"CODE_SIGN_IDENTITY[sdk=iphoneos*]" = "iPhone Developer";
				COPY_PHASE_STRIP = NO;
				GCC_C_LANGUAGE_STANDARD = gnu99;
				GCC_DYNAMIC_NO_PIC = NO;
				GCC_OPTIMIZATION_LEVEL = 0;
				GCC_PREPROCESSOR_DEFINITIONS = (
					"DEBUG=1",
					"$(inherited)",
				);
				GCC_SYMBOLS_PRIVATE_EXTERN = NO;
				GCC_VERSION = com.apple.compilers.llvm.clang.1_0;
				GCC_WARN_ABOUT_RETURN_TYPE = YES;
				GCC_WARN_UNINITIALIZED_AUTOS = YES;
				GCC_WARN_UNUSED_VARIABLE = YES;
				IPHONEOS_DEPLOYMENT_TARGET = 5.1;
				SDKROOT = iphoneos;
			};
			name = Debug;
		};
		E48B3A18156C4FBD009F45F0 /* Release */ = {
			isa = XCBuildConfiguration;
			buildSettings = {
				ALWAYS_SEARCH_USER_PATHS = NO;
				ARCHS = "$(ARCHS_STANDARD_32_BIT)";
				CLANG_ENABLE_OBJC_ARC = YES;
				"CODE_SIGN_IDENTITY[sdk=iphoneos*]" = "iPhone Developer";
				COPY_PHASE_STRIP = YES;
				GCC_C_LANGUAGE_STANDARD = gnu99;
				GCC_VERSION = com.apple.compilers.llvm.clang.1_0;
				GCC_WARN_ABOUT_RETURN_TYPE = YES;
				GCC_WARN_UNINITIALIZED_AUTOS = YES;
				GCC_WARN_UNUSED_VARIABLE = YES;
				IPHONEOS_DEPLOYMENT_TARGET = 5.1;
				OTHER_CFLAGS = "-DNS_BLOCK_ASSERTIONS=1";
				SDKROOT = iphoneos;
				VALIDATE_PRODUCT = YES;
			};
			name = Release;
		};
		E48B3A1A156C4FBD009F45F0 /* Debug */ = {
			isa = XCBuildConfiguration;
			buildSettings = {
				GCC_PRECOMPILE_PREFIX_HEADER = YES;
				GCC_PREFIX_HEADER = "Seg Nav/Seg Nav-Prefix.pch";
				INFOPLIST_FILE = "Seg Nav/Seg Nav-Info.plist";
				PRODUCT_NAME = "$(TARGET_NAME)";
				WRAPPER_EXTENSION = app;
			};
			name = Debug;
		};
		E48B3A1B156C4FBD009F45F0 /* Release */ = {
			isa = XCBuildConfiguration;
			buildSettings = {
				GCC_PRECOMPILE_PREFIX_HEADER = YES;
				GCC_PREFIX_HEADER = "Seg Nav/Seg Nav-Prefix.pch";
				INFOPLIST_FILE = "Seg Nav/Seg Nav-Info.plist";
				PRODUCT_NAME = "$(TARGET_NAME)";
				WRAPPER_EXTENSION = app;
			};
			name = Release;
		};
/* End XCBuildConfiguration section */

/* Begin XCConfigurationList section */
		E48B39F5156C4FBC009F45F0 /* Build configuration list for PBXProject "Seg Nav" */ = {
			isa = XCConfigurationList;
			buildConfigurations = (
				E48B3A17156C4FBD009F45F0 /* Debug */,
				E48B3A18156C4FBD009F45F0 /* Release */,
			);
			defaultConfigurationIsVisible = 0;
			defaultConfigurationName = Release;
		};
		E48B3A19156C4FBD009F45F0 /* Build configuration list for PBXNativeTarget "Seg Nav" */ = {
			isa = XCConfigurationList;
			buildConfigurations = (
				E48B3A1A156C4FBD009F45F0 /* Debug */,
				E48B3A1B156C4FBD009F45F0 /* Release */,
			);
			defaultConfigurationIsVisible = 0;
		};
/* End XCConfigurationList section */
	};
	rootObject = E48B39F2156C4FBC009F45F0 /* Project object */;
}
